{
  "name": "charts-embed-sdk",
  "version": "1.0.0",
  "lockfileVersion": 2,
  "requires": true,
  "packages": {
    "": {
      "name": "charts-embed-sdk",
      "version": "1.0.0",
      "license": "ISC",
      "dependencies": {
        "markdown-include": "^0.4.3"
      },
      "devDependencies": {
        "husky": "^8.0.3"
      }
    },
    "node_modules/husky": {
      "version": "8.0.3",
      "resolved": "https://registry.npmjs.org/husky/-/husky-8.0.3.tgz",
      "integrity": "sha512-+dQSyqPh4x1hlO1swXBiNb2HzTDN1I2IGLQx1GrBuiqFJfoMrnZWwVmatvSiO+Iz8fBUnf+lekwNo4c2LlXItg==",
      "dev": true,
      "bin": {
        "husky": "lib/bin.js"
      },
      "engines": {
        "node": ">=14"
      },
      "funding": {
        "url": "https://github.com/sponsors/typicode"
      }
    },
    "node_modules/markdown-include": {
      "version": "0.4.3",
      "resolved": "https://registry.npmjs.org/markdown-include/-/markdown-include-0.4.3.tgz",
      "integrity": "sha512-kw1f+iJ8jAH9SYljv2RXmhRQFr2oMPPVdyoKaZIH+uA1rrQqDjLk6EQZW65oVz1Y+BkC3V//9lEvKKjRZNb1Jg==",
      "dependencies": {
        "q": "^1.2.0"
      },
      "bin": {
        "markdown-include": "bin/cli.js"
      }
    },
    "node_modules/q": {
      "version": "1.5.1",
      "resolved": "https://registry.npmjs.org/q/-/q-1.5.1.tgz",
      "integrity": "sha512-kV/CThkXo6xyFEZUugw/+pIOywXcDbFYgSct5cT3gqlbkBE1SJdwy6UQoZvodiWF/ckQLZyDE/Bu1M6gVu5lVw==",
      "engines": {
        "node": ">=0.6.0",
        "teleport": ">=0.2.0"
      }
    }
  },
  "dependencies": {
    "husky": {
      "version": "8.0.3",
      "resolved": "https://registry.npmjs.org/husky/-/husky-8.0.3.tgz",
      "integrity": "sha512-+dQSyqPh4x1hlO1swXBiNb2HzTDN1I2IGLQx1GrBuiqFJfoMrnZWwVmatvSiO+Iz8fBUnf+lekwNo4c2LlXItg==",
      "dev": true
    },
    "markdown-include": {
      "version": "0.4.3",
      "resolved": "https://registry.npmjs.org/markdown-include/-/markdown-include-0.4.3.tgz",
      "integrity": "sha512-kw1f+iJ8jAH9SYljv2RXmhRQFr2oMPPVdyoKaZIH+uA1rrQqDjLk6EQZW65oVz1Y+BkC3V//9lEvKKjRZNb1Jg==",
      "requires": {
        "q": "^1.2.0"
      }
    },
    "q": {
      "version": "1.5.1",
      "resolved": "https://registry.npmjs.org/q/-/q-1.5.1.tgz",
      "integrity": "sha512-kV/CThkXo6xyFEZUugw/+pIOywXcDbFYgSct5cT3gqlbkBE1SJdwy6UQoZvodiWF/ckQLZyDE/Bu1M6gVu5lVw=="
    }
  }
}
